
Microsoft Visual Studio Solution File, Format Version 12.00
# Visual Studio 14
VisualStudioVersion = 14.0.25420.1
MinimumVisualStudioVersion = 10.0.40219.1
Project("{FAE04EC0-301F-11D3-BF4B-00C04F79EFBC}") = "Epam.SCS.WebUI", "Epam.SCS.WebUI\Epam.SCS.WebUI.csproj", "{920E3774-E4EE-4E0A-B9E9-797F2C409ED7}"
EndProject
Project("{2150E333-8FDC-42A3-9474-1A3956D46DE8}") = "PL", "PL", "{33D497DB-766A-4CB8-9368-94F4175AD9CA}"
EndProject
Project("{2150E333-8FDC-42A3-9474-1A3956D46DE8}") = "BLL", "BLL", "{E2F451D7-319D-4523-8816-00251E6E1648}"
EndProject
Project("{2150E333-8FDC-42A3-9474-1A3956D46DE8}") = "DAL", "DAL", "{C811CDD3-673A-4E29-8DA2-47D46A76258E}"
EndProject
Project("{2150E333-8FDC-42A3-9474-1A3956D46DE8}") = "Common", "Common", "{950EC455-6FEC-487E-892C-EE354B05DD01}"
EndProject
Project("{FAE04EC0-301F-11D3-BF4B-00C04F79EFBC}") = "Epam.SCS.Entities", "Epam.SCS.Entities\Epam.SCS.Entities.csproj", "{354D89AE-0B29-41FB-85B9-8F7E16E6C1C7}"
EndProject
Project("{FAE04EC0-301F-11D3-BF4B-00C04F79EFBC}") = "Epam.SCS.LogicContracts", "Epam.SCS.LogicContracts\Epam.SCS.LogicContracts.csproj", "{6FCA4DA2-E5BF-463C-8995-76073CBD9F67}"
EndProject
Project("{FAE04EC0-301F-11D3-BF4B-00C04F79EFBC}") = "Epam.SCS.Logic", "Epam.SCS.Logic\Epam.SCS.Logic.csproj", "{D6D8E3CB-A7D8-4E74-8B23-4C3159756FF2}"
EndProject
Project("{FAE04EC0-301F-11D3-BF4B-00C04F79EFBC}") = "Epam.SCS.Dal", "Epam.SCS.Dal\Epam.SCS.Dal.csproj", "{2C3F04AB-AC8D-486C-AC58-42846653D9B9}"
EndProject
Project("{FAE04EC0-301F-11D3-BF4B-00C04F79EFBC}") = "Epam.SCS.DalContracts", "Epam.SCS.DalContracts\Epam.SCS.DalContracts.csproj", "{21E875FF-436A-4272-939A-0366CA3A1044}"
EndProject
Global
	GlobalSection(SolutionConfigurationPlatforms) = preSolution
		Debug|Any CPU = Debug|Any CPU
		Release|Any CPU = Release|Any CPU
	EndGlobalSection
	GlobalSection(ProjectConfigurationPlatforms) = postSolution
		{920E3774-E4EE-4E0A-B9E9-797F2C409ED7}.Debug|Any CPU.ActiveCfg = Debug|Any CPU
		{920E3774-E4EE-4E0A-B9E9-797F2C409ED7}.Debug|Any CPU.Build.0 = Debug|Any CPU
		{920E3774-E4EE-4E0A-B9E9-797F2C409ED7}.Release|Any CPU.ActiveCfg = Release|Any CPU
		{920E3774-E4EE-4E0A-B9E9-797F2C409ED7}.Release|Any CPU.Build.0 = Release|Any CPU
		{354D89AE-0B29-41FB-85B9-8F7E16E6C1C7}.Debug|Any CPU.ActiveCfg = Debug|Any CPU
		{354D89AE-0B29-41FB-85B9-8F7E16E6C1C7}.Debug|Any CPU.Build.0 = Debug|Any CPU
		{354D89AE-0B29-41FB-85B9-8F7E16E6C1C7}.Release|Any CPU.ActiveCfg = Release|Any CPU
		{354D89AE-0B29-41FB-85B9-8F7E16E6C1C7}.Release|Any CPU.Build.0 = Release|Any CPU
		{6FCA4DA2-E5BF-463C-8995-76073CBD9F67}.Debug|Any CPU.ActiveCfg = Debug|Any CPU
		{6FCA4DA2-E5BF-463C-8995-76073CBD9F67}.Debug|Any CPU.Build.0 = Debug|Any CPU
		{6FCA4DA2-E5BF-463C-8995-76073CBD9F67}.Release|Any CPU.ActiveCfg = Release|Any CPU
		{6FCA4DA2-E5BF-463C-8995-76073CBD9F67}.Release|Any CPU.Build.0 = Release|Any CPU
		{D6D8E3CB-A7D8-4E74-8B23-4C3159756FF2}.Debug|Any CPU.ActiveCfg = Debug|Any CPU
		{D6D8E3CB-A7D8-4E74-8B23-4C3159756FF2}.Debug|Any CPU.Build.0 = Debug|Any CPU
		{D6D8E3CB-A7D8-4E74-8B23-4C3159756FF2}.Release|Any CPU.ActiveCfg = Release|Any CPU
		{D6D8E3CB-A7D8-4E74-8B23-4C3159756FF2}.Release|Any CPU.Build.0 = Release|Any CPU
		{2C3F04AB-AC8D-486C-AC58-42846653D9B9}.Debug|Any CPU.ActiveCfg = Debug|Any CPU
		{2C3F04AB-AC8D-486C-AC58-42846653D9B9}.Debug|Any CPU.Build.0 = Debug|Any CPU
		{2C3F04AB-AC8D-486C-AC58-42846653D9B9}.Release|Any CPU.ActiveCfg = Release|Any CPU
		{2C3F04AB-AC8D-486C-AC58-42846653D9B9}.Release|Any CPU.Build.0 = Release|Any CPU
		{21E875FF-436A-4272-939A-0366CA3A1044}.Debug|Any CPU.ActiveCfg = Debug|Any CPU
		{21E875FF-436A-4272-939A-0366CA3A1044}.Debug|Any CPU.Build.0 = Debug|Any CPU
		{21E875FF-436A-4272-939A-0366CA3A1044}.Release|Any CPU.ActiveCfg = Release|Any CPU
		{21E875FF-436A-4272-939A-0366CA3A1044}.Release|Any CPU.Build.0 = Release|Any CPU
	EndGlobalSection
	GlobalSection(SolutionProperties) = preSolution
		HideSolutionNode = FALSE
	EndGlobalSection
	GlobalSection(NestedProjects) = preSolution
		{920E3774-E4EE-4E0A-B9E9-797F2C409ED7} = {33D497DB-766A-4CB8-9368-94F4175AD9CA}
		{354D89AE-0B29-41FB-85B9-8F7E16E6C1C7} = {950EC455-6FEC-487E-892C-EE354B05DD01}
		{6FCA4DA2-E5BF-463C-8995-76073CBD9F67} = {E2F451D7-319D-4523-8816-00251E6E1648}
		{D6D8E3CB-A7D8-4E74-8B23-4C3159756FF2} = {E2F451D7-319D-4523-8816-00251E6E1648}
		{2C3F04AB-AC8D-486C-AC58-42846653D9B9} = {C811CDD3-673A-4E29-8DA2-47D46A76258E}
		{21E875FF-436A-4272-939A-0366CA3A1044} = {C811CDD3-673A-4E29-8DA2-47D46A76258E}
	EndGlobalSection
EndGlobal
